
Microsoft Visual Studio Solution File, Format Version 12.00
# Visual Studio Version 16
VisualStudioVersion = 16.0.30011.22
MinimumVisualStudioVersion = 10.0.40219.1
Project("{2150E333-8FDC-42A3-9474-1A3956D46DE8}") = "antes", "antes", "{2FF7EC44-932D-4DE9-8B66-EDC9F6889582}"
EndProject
Project("{FAE04EC0-301F-11D3-BF4B-00C04F79EFBC}") = "ECommerce", "ECommerce\ECommerce.csproj", "{0B757B1C-E6A0-48F3-879A-258D118B8041}"
EndProject
Global
	GlobalSection(SolutionConfigurationPlatforms) = preSolution
		Debug|Any CPU = Debug|Any CPU
		Release|Any CPU = Release|Any CPU
	EndGlobalSection
	GlobalSection(ProjectConfigurationPlatforms) = postSolution
		{0B757B1C-E6A0-48F3-879A-258D118B8041}.Debug|Any CPU.ActiveCfg = Debug|Any CPU
		{0B757B1C-E6A0-48F3-879A-258D118B8041}.Debug|Any CPU.Build.0 = Debug|Any CPU
		{0B757B1C-E6A0-48F3-879A-258D118B8041}.Release|Any CPU.ActiveCfg = Release|Any CPU
		{0B757B1C-E6A0-48F3-879A-258D118B8041}.Release|Any CPU.Build.0 = Release|Any CPU
	EndGlobalSection
	GlobalSection(SolutionProperties) = preSolution
		HideSolutionNode = FALSE
	EndGlobalSection
	GlobalSection(NestedProjects) = preSolution
		{0B757B1C-E6A0-48F3-879A-258D118B8041} = {2FF7EC44-932D-4DE9-8B66-EDC9F6889582}
	EndGlobalSection
	GlobalSection(ExtensibilityGlobals) = postSolution
		SolutionGuid = {9C27DC7A-3A68-4207-81A1-537E00CC0100}
	EndGlobalSection
EndGlobal
